{
  "lockfileVersion": 1,
  "configVersion": 1,
  "workspaces": {
    "": {
      "name": "raindrop-newsletter",
      "dependencies": {
        "@openai/codex-sdk": "^0.107.0",
      },
      "devDependencies": {
        "@types/bun": "latest",
        "prettier": "^3.8.1",
      },
      "peerDependencies": {
        "typescript": "^5",
      },
    },
  },
  "packages": {
    "@openai/codex": ["@openai/codex@0.107.0", "", { "optionalDependencies": { "@openai/codex-darwin-arm64": "npm:@openai/codex@0.107.0-darwin-arm64", "@openai/codex-darwin-x64": "npm:@openai/codex@0.107.0-darwin-x64", "@openai/codex-linux-arm64": "npm:@openai/codex@0.107.0-linux-arm64", "@openai/codex-linux-x64": "npm:@openai/codex@0.107.0-linux-x64", "@openai/codex-win32-arm64": "npm:@openai/codex@0.107.0-win32-arm64", "@openai/codex-win32-x64": "npm:@openai/codex@0.107.0-win32-x64" }, "bin": { "codex": "bin/codex.js" } }, "sha512-bAHmp4I3YNEqeR5U+LA5yViecDTlLVAJ+EGo8h647f0DClEWxFtyKXzyBJQ/kcL1G3bzstOTcuVpTdjhvJoe6g=="],

    "@openai/codex-darwin-arm64": ["@openai/codex@0.107.0-darwin-arm64", "", { "os": "darwin", "cpu": "arm64" }, "sha512-g8u0nsns9JaHNYehVuw1eSL/83BSuBsmdOo2rrEU0D1rKI/QoIQSv6S6offZnQFerCHeqj0LabxYzqUTBzEh0g=="],

    "@openai/codex-darwin-x64": ["@openai/codex@0.107.0-darwin-x64", "", { "os": "darwin", "cpu": "x64" }, "sha512-uDCfszYS/9RL6fMBqnLyFloBCa/Lgvqjt/P2izrByRANlHZG4Nwn1Sayn7v2TugvOJ5fBPZMRcaloqfjowmdEQ=="],

    "@openai/codex-linux-arm64": ["@openai/codex@0.107.0-linux-arm64", "", { "os": "linux", "cpu": "arm64" }, "sha512-iAPYuXfACBSjVf4DPkN8YFawFGXPORzm7hDJhkzqqQvXRSyeZDaVkdT81FhaNIjm1rcaMnMDGJn2M+tOwmGy0w=="],

    "@openai/codex-linux-x64": ["@openai/codex@0.107.0-linux-x64", "", { "os": "linux", "cpu": "x64" }, "sha512-h9SG15CrNihjHwSiYBU3dxMWH2r9fQIBPxFIpWnSUnjE5/YaXusbJQEvC+5u+g6CzUXX40fFsm3gVWV9uzX7Og=="],

    "@openai/codex-sdk": ["@openai/codex-sdk@0.107.0", "", { "dependencies": { "@openai/codex": "0.107.0" } }, "sha512-/BAiTahJ6u8FBxHCgqtfPLamWNQ9dyOqhWjR8Vtre/uxSlNeCLdlJ2ufXOBfvIs0McdQHvsFDD583Q5HtuDa5Q=="],

    "@openai/codex-win32-arm64": ["@openai/codex@0.107.0-win32-arm64", "", { "os": "win32", "cpu": "arm64" }, "sha512-LHGQA2h/L72NRFcdIjKN/+V2nFXfuHDSQcI1Qdt9/7fUdcpb/pqN1n7U5rujccuTCf0ihk4XhGywAwiwPsjmWA=="],

    "@openai/codex-win32-x64": ["@openai/codex@0.107.0-win32-x64", "", { "os": "win32", "cpu": "x64" }, "sha512-Iq1UOxj2El/syo8abN0/7Z6ICIVTW7tY9DJbdx01wjQYbi6Ecb8e66iTNFq65Mingq7vG7QWvYGyLycVztHFuw=="],

    "@types/bun": ["@types/bun@1.3.10", "", { "dependencies": { "bun-types": "1.3.10" } }, "sha512-0+rlrUrOrTSskibryHbvQkDOWRJwJZqZlxrUs1u4oOoTln8+WIXBPmAuCF35SWB2z4Zl3E84Nl/D0P7803nigQ=="],

    "@types/node": ["@types/node@25.3.3", "", { "dependencies": { "undici-types": "~7.18.0" } }, "sha512-DpzbrH7wIcBaJibpKo9nnSQL0MTRdnWttGyE5haGwK86xgMOkFLp7vEyfQPGLOJh5wNYiJ3V9PmUMDhV9u8kkQ=="],

    "bun-types": ["bun-types@1.3.10", "", { "dependencies": { "@types/node": "*" } }, "sha512-tcpfCCl6XWo6nCVnpcVrxQ+9AYN1iqMIzgrSKYMB/fjLtV2eyAVEg7AxQJuCq/26R6HpKWykQXuSOq/21RYcbg=="],

    "prettier": ["prettier@3.8.1", "", { "bin": { "prettier": "bin/prettier.cjs" } }, "sha512-UOnG6LftzbdaHZcKoPFtOcCKztrQ57WkHDeRD9t/PTQtmT0NHSeWWepj6pS0z/N7+08BHFDQVUrfmfMRcZwbMg=="],

    "typescript": ["typescript@5.9.3", "", { "bin": { "tsc": "bin/tsc", "tsserver": "bin/tsserver" } }, "sha512-jl1vZzPDinLr9eUt3J/t7V6FgNEw9QjvBPdysz9KfQDD41fQrC2Y4vKQdiaUpFT4bXlb1RHhLpp8wtm6M5TgSw=="],

    "undici-types": ["undici-types@7.18.2", "", {}, "sha512-AsuCzffGHJybSaRrmr5eHr81mwJU3kjw6M+uprWvCXiNeN9SOGwQ3Jn8jb8m3Z6izVgknn1R0FTCEAP2QrLY/w=="],
  }
}
